{
  "nodes": {
    "adios": {
      "locked": {
        "lastModified": 1769143775,
        "narHash": "sha256-mXm5ujxMZ9jQ1kv8vG7OPVhoHnJe5wXHT5QnKYxzxtE=",
        "owner": "llakala",
        "repo": "adios",
        "rev": "30791289327ca99d93b910dae54d0e28708c7383",
        "type": "github"
      },
      "original": {
        "owner": "llakala",
        "ref": "providers-and-consumers",
        "repo": "adios",
        "type": "github"
      }
    },
    "root": {
      "inputs": {
        "adios": "adios"
      }
    }
  },
  "root": "root",
  "version": 7
}
