{
  "nodes": {
    "adios": {
      "locked": {
        "lastModified": 1769214517,
        "narHash": "sha256-j+3kux0VO8PkAOVL08oRK4QleDqepQYhwJu16fwBpIc=",
        "owner": "llakala",
        "repo": "adios",
        "rev": "cb622eb83683acff13b889c60d4a82fa987d6114",
        "type": "github"
      },
      "original": {
        "owner": "llakala",
        "ref": "providers-and-consumers",
        "repo": "adios",
        "type": "github"
      }
    },
    "root": {
      "inputs": {
        "adios": "adios"
      }
    }
  },
  "root": "root",
  "version": 7
}
